Microsoft Visual Studio Solution File, Format Version 11.00
# Visual Studio 2008

Project("{BEA4A33E-0DB4-7148-805C-F56A8407C831}") = "Angels in the Library", "Assembly-CSharp-firstpass.csproj", "{7F028F52-9F1F-59D1-2BE6-442810279311}"
EndProject
Project("{BEA4A33E-0DB4-7148-805C-F56A8407C831}") = "Angels in the Library", "Assembly-CSharp.csproj", "{2FF8F28D-CD44-1694-6416-CEEE964B10A0}"
EndProject
Project("{BEA4A33E-0DB4-7148-805C-F56A8407C831}") = "Angels in the Library", "Assembly-UnityScript-firstpass.unityproj", "{8EAE8850-145F-0323-B697-DDF63C0F3851}"
EndProject
Project("{BEA4A33E-0DB4-7148-805C-F56A8407C831}") = "Angels in the Library", "Assembly-UnityScript.unityproj", "{14DCE427-41AB-1958-C587-66E1A75EB997}"
EndProject
Global
	GlobalSection(SolutionConfigurationPlatforms) = preSolution
		Debug|Any CPU = Debug|Any CPU
		Release|Any CPU = Release|Any CPU
	EndGlobalSection
	GlobalSection(ProjectConfigurationPlatforms) = postSolution
		{7F028F52-9F1F-59D1-2BE6-442810279311}.Debug|Any CPU.ActiveCfg = Debug|Any CPU
		{7F028F52-9F1F-59D1-2BE6-442810279311}.Debug|Any CPU.Build.0 = Debug|Any CPU
		{7F028F52-9F1F-59D1-2BE6-442810279311}.Release|Any CPU.ActiveCfg = Release|Any CPU
		{7F028F52-9F1F-59D1-2BE6-442810279311}.Release|Any CPU.Build.0 = Release|Any CPU
		{2FF8F28D-CD44-1694-6416-CEEE964B10A0}.Debug|Any CPU.ActiveCfg = Debug|Any CPU
		{2FF8F28D-CD44-1694-6416-CEEE964B10A0}.Debug|Any CPU.Build.0 = Debug|Any CPU
		{2FF8F28D-CD44-1694-6416-CEEE964B10A0}.Release|Any CPU.ActiveCfg = Release|Any CPU
		{2FF8F28D-CD44-1694-6416-CEEE964B10A0}.Release|Any CPU.Build.0 = Release|Any CPU
		{8EAE8850-145F-0323-B697-DDF63C0F3851}.Debug|Any CPU.ActiveCfg = Debug|Any CPU
		{8EAE8850-145F-0323-B697-DDF63C0F3851}.Debug|Any CPU.Build.0 = Debug|Any CPU
		{8EAE8850-145F-0323-B697-DDF63C0F3851}.Release|Any CPU.ActiveCfg = Release|Any CPU
		{8EAE8850-145F-0323-B697-DDF63C0F3851}.Release|Any CPU.Build.0 = Release|Any CPU
		{14DCE427-41AB-1958-C587-66E1A75EB997}.Debug|Any CPU.ActiveCfg = Debug|Any CPU
		{14DCE427-41AB-1958-C587-66E1A75EB997}.Debug|Any CPU.Build.0 = Debug|Any CPU
		{14DCE427-41AB-1958-C587-66E1A75EB997}.Release|Any CPU.ActiveCfg = Release|Any CPU
		{14DCE427-41AB-1958-C587-66E1A75EB997}.Release|Any CPU.Build.0 = Release|Any CPU
	EndGlobalSection
	GlobalSection(SolutionProperties) = preSolution
		HideSolutionNode = FALSE
	EndGlobalSection
																																																																																											GlobalSection(MonoDevelopProperties) = preSolution
		StartupItem = Assembly-CSharp.csproj
		Policies = $0
		$0.TextStylePolicy = $1
		$1.inheritsSet = null
		$1.scope = text/x-csharp
		$0.CSharpFormattingPolicy = $2
		$2.inheritsSet = Mono
		$2.inheritsScope = text/x-csharp
		$2.scope = text/x-csharp
		$0.TextStylePolicy = $3
		$3.FileWidth = 120
		$3.TabWidth = 4
		$3.EolMarker = Unix
		$3.inheritsSet = Mono
		$3.inheritsScope = text/plain
		$3.scope = text/plain
	EndGlobalSection

EndGlobal
